
Microsoft Visual Studio Solution File, Format Version 12.00
# Visual Studio Version 16
VisualStudioVersion = 16.0.31112.23
MinimumVisualStudioVersion = 10.0.40219.1
Project("{9A19103F-16F7-4668-BE54-9A1E7A4F7556}") = "Capsaicin.CodeAnalysis.Common", "Capsaicin.CodeAnalysis.Common\Capsaicin.CodeAnalysis.Common.csproj", "{90751774-61E9-4405-BA64-F7009E4A39A1}"
EndProject
Project("{9A19103F-16F7-4668-BE54-9A1E7A4F7556}") = "Capsaicin.CodeAnalysis.Common.Tests", "Capsaicin.CodeAnalysis.Common.Tests\Capsaicin.CodeAnalysis.Common.Tests.csproj", "{7C9E16C6-D3C2-4915-9056-778092B65C79}"
EndProject
Global
	GlobalSection(SolutionConfigurationPlatforms) = preSolution
		Debug|Any CPU = Debug|Any CPU
		Release|Any CPU = Release|Any CPU
	EndGlobalSection
	GlobalSection(ProjectConfigurationPlatforms) = postSolution
		{90751774-61E9-4405-BA64-F7009E4A39A1}.Debug|Any CPU.ActiveCfg = Debug|Any CPU
		{90751774-61E9-4405-BA64-F7009E4A39A1}.Debug|Any CPU.Build.0 = Debug|Any CPU
		{90751774-61E9-4405-BA64-F7009E4A39A1}.Release|Any CPU.ActiveCfg = Release|Any CPU
		{90751774-61E9-4405-BA64-F7009E4A39A1}.Release|Any CPU.Build.0 = Release|Any CPU
		{7C9E16C6-D3C2-4915-9056-778092B65C79}.Debug|Any CPU.ActiveCfg = Debug|Any CPU
		{7C9E16C6-D3C2-4915-9056-778092B65C79}.Debug|Any CPU.Build.0 = Debug|Any CPU
		{7C9E16C6-D3C2-4915-9056-778092B65C79}.Release|Any CPU.ActiveCfg = Release|Any CPU
		{7C9E16C6-D3C2-4915-9056-778092B65C79}.Release|Any CPU.Build.0 = Release|Any CPU
	EndGlobalSection
	GlobalSection(SolutionProperties) = preSolution
		HideSolutionNode = FALSE
	EndGlobalSection
	GlobalSection(ExtensibilityGlobals) = postSolution
		SolutionGuid = {4E5C713F-46B0-4980-9370-6D85AF46EDA2}
	EndGlobalSection
EndGlobal
